
Microsoft Visual Studio Solution File, Format Version 12.00
# Visual Studio 16
Project("{FAE04EC0-301F-11D3-BF4B-00C04F79EFBC}") = "Assembly-CSharp", "Assembly-CSharp.csproj", "{8C448416-E439-0708-F5E0-492ACB09A0BA}"
EndProject
Project("{FAE04EC0-301F-11D3-BF4B-00C04F79EFBC}") = "Assembly-CSharp-firstpass", "Assembly-CSharp-firstpass.csproj", "{5A3BA1FC-FCAB-C9E3-B1F4-6F83A851BCF4}"
EndProject
Project("{FAE04EC0-301F-11D3-BF4B-00C04F79EFBC}") = "Assembly-CSharp-Editor", "Assembly-CSharp-Editor.csproj", "{F6934C37-B3B7-C7B6-7453-A255EE67BEBF}"
EndProject
Global
	GlobalSection(SolutionConfigurationPlatforms) = preSolution
		Debug|Any CPU = Debug|Any CPU
		Release|Any CPU = Release|Any CPU
	EndGlobalSection
	GlobalSection(ProjectConfigurationPlatforms) = postSolution
		{8C448416-E439-0708-F5E0-492ACB09A0BA}.Debug|Any CPU.ActiveCfg = Debug|Any CPU
		{8C448416-E439-0708-F5E0-492ACB09A0BA}.Debug|Any CPU.Build.0 = Debug|Any CPU
		{8C448416-E439-0708-F5E0-492ACB09A0BA}.Release|Any CPU.ActiveCfg = Release|Any CPU
		{8C448416-E439-0708-F5E0-492ACB09A0BA}.Release|Any CPU.Build.0 = Release|Any CPU
		{5A3BA1FC-FCAB-C9E3-B1F4-6F83A851BCF4}.Debug|Any CPU.ActiveCfg = Debug|Any CPU
		{5A3BA1FC-FCAB-C9E3-B1F4-6F83A851BCF4}.Debug|Any CPU.Build.0 = Debug|Any CPU
		{5A3BA1FC-FCAB-C9E3-B1F4-6F83A851BCF4}.Release|Any CPU.ActiveCfg = Release|Any CPU
		{5A3BA1FC-FCAB-C9E3-B1F4-6F83A851BCF4}.Release|Any CPU.Build.0 = Release|Any CPU
		{F6934C37-B3B7-C7B6-7453-A255EE67BEBF}.Debug|Any CPU.ActiveCfg = Debug|Any CPU
		{F6934C37-B3B7-C7B6-7453-A255EE67BEBF}.Debug|Any CPU.Build.0 = Debug|Any CPU
		{F6934C37-B3B7-C7B6-7453-A255EE67BEBF}.Release|Any CPU.ActiveCfg = Release|Any CPU
		{F6934C37-B3B7-C7B6-7453-A255EE67BEBF}.Release|Any CPU.Build.0 = Release|Any CPU
	EndGlobalSection
	GlobalSection(SolutionProperties) = preSolution
		HideSolutionNode = FALSE
	EndGlobalSection
EndGlobal
